
Microsoft Visual Studio Solution File, Format Version 12.00
# Visual Studio 14
VisualStudioVersion = 14.0.25123.0
MinimumVisualStudioVersion = 10.0.40219.1
Project("{FAE04EC0-301F-11D3-BF4B-00C04F79EFBC}") = "Le Lenny Face", "Le Lenny Face\Le Lenny Face.csproj", "{092518CB-D4D1-4BCD-80D4-2534E9E039B5}"
EndProject
Global
	GlobalSection(SolutionConfigurationPlatforms) = preSolution
		Debug|Any CPU = Debug|Any CPU
		Release|Any CPU = Release|Any CPU
	EndGlobalSection
	GlobalSection(ProjectConfigurationPlatforms) = postSolution
		{092518CB-D4D1-4BCD-80D4-2534E9E039B5}.Debug|Any CPU.ActiveCfg = Debug|Any CPU
		{092518CB-D4D1-4BCD-80D4-2534E9E039B5}.Debug|Any CPU.Build.0 = Debug|Any CPU
		{092518CB-D4D1-4BCD-80D4-2534E9E039B5}.Debug|Any CPU.Deploy.0 = Debug|Any CPU
		{092518CB-D4D1-4BCD-80D4-2534E9E039B5}.Release|Any CPU.ActiveCfg = Release|Any CPU
		{092518CB-D4D1-4BCD-80D4-2534E9E039B5}.Release|Any CPU.Build.0 = Release|Any CPU
		{092518CB-D4D1-4BCD-80D4-2534E9E039B5}.Release|Any CPU.Deploy.0 = Release|Any CPU
	EndGlobalSection
	GlobalSection(SolutionProperties) = preSolution
		HideSolutionNode = FALSE
	EndGlobalSection
EndGlobal
